
Microsoft Visual Studio Solution File, Format Version 12.00
# Visual Studio 2013
VisualStudioVersion = 12.0.20623.1 VSUPREVIEW
MinimumVisualStudioVersion = 10.0.40219.1
Project("{FAE04EC0-301F-11D3-BF4B-00C04F79EFBC}") = "RgbBarChart", "RgbBarChart\RgbBarChart.csproj", "{9F85B124-2F2A-4135-85E8-EADE729DF55A}"
EndProject
Project("{FAE04EC0-301F-11D3-BF4B-00C04F79EFBC}") = "Petzold.ProgrammingWindows6.Chapter11", "..\Petzold.ProgrammingWindows6.Chapter11\Petzold.ProgrammingWindows6.Chapter11\Petzold.ProgrammingWindows6.Chapter11.csproj", "{0F317493-3B2B-473A-9297-56A19445CB2E}"
EndProject
Global
	GlobalSection(SolutionConfigurationPlatforms) = preSolution
		Debug|Any CPU = Debug|Any CPU
		Debug|ARM = Debug|ARM
		Debug|x64 = Debug|x64
		Debug|x86 = Debug|x86
		Release|Any CPU = Release|Any CPU
		Release|ARM = Release|ARM
		Release|x64 = Release|x64
		Release|x86 = Release|x86
	EndGlobalSection
	GlobalSection(ProjectConfigurationPlatforms) = postSolution
		{9F85B124-2F2A-4135-85E8-EADE729DF55A}.Debug|Any CPU.ActiveCfg = Debug|Any CPU
		{9F85B124-2F2A-4135-85E8-EADE729DF55A}.Debug|Any CPU.Build.0 = Debug|Any CPU
		{9F85B124-2F2A-4135-85E8-EADE729DF55A}.Debug|Any CPU.Deploy.0 = Debug|Any CPU
		{9F85B124-2F2A-4135-85E8-EADE729DF55A}.Debug|ARM.ActiveCfg = Debug|ARM
		{9F85B124-2F2A-4135-85E8-EADE729DF55A}.Debug|ARM.Build.0 = Debug|ARM
		{9F85B124-2F2A-4135-85E8-EADE729DF55A}.Debug|ARM.Deploy.0 = Debug|ARM
		{9F85B124-2F2A-4135-85E8-EADE729DF55A}.Debug|x64.ActiveCfg = Debug|x64
		{9F85B124-2F2A-4135-85E8-EADE729DF55A}.Debug|x64.Build.0 = Debug|x64
		{9F85B124-2F2A-4135-85E8-EADE729DF55A}.Debug|x64.Deploy.0 = Debug|x64
		{9F85B124-2F2A-4135-85E8-EADE729DF55A}.Debug|x86.ActiveCfg = Debug|x86
		{9F85B124-2F2A-4135-85E8-EADE729DF55A}.Debug|x86.Build.0 = Debug|x86
		{9F85B124-2F2A-4135-85E8-EADE729DF55A}.Debug|x86.Deploy.0 = Debug|x86
		{9F85B124-2F2A-4135-85E8-EADE729DF55A}.Release|Any CPU.ActiveCfg = Release|Any CPU
		{9F85B124-2F2A-4135-85E8-EADE729DF55A}.Release|Any CPU.Build.0 = Release|Any CPU
		{9F85B124-2F2A-4135-85E8-EADE729DF55A}.Release|Any CPU.Deploy.0 = Release|Any CPU
		{9F85B124-2F2A-4135-85E8-EADE729DF55A}.Release|ARM.ActiveCfg = Release|ARM
		{9F85B124-2F2A-4135-85E8-EADE729DF55A}.Release|ARM.Build.0 = Release|ARM
		{9F85B124-2F2A-4135-85E8-EADE729DF55A}.Release|ARM.Deploy.0 = Release|ARM
		{9F85B124-2F2A-4135-85E8-EADE729DF55A}.Release|x64.ActiveCfg = Release|x64
		{9F85B124-2F2A-4135-85E8-EADE729DF55A}.Release|x64.Build.0 = Release|x64
		{9F85B124-2F2A-4135-85E8-EADE729DF55A}.Release|x64.Deploy.0 = Release|x64
		{9F85B124-2F2A-4135-85E8-EADE729DF55A}.Release|x86.ActiveCfg = Release|x86
		{9F85B124-2F2A-4135-85E8-EADE729DF55A}.Release|x86.Build.0 = Release|x86
		{9F85B124-2F2A-4135-85E8-EADE729DF55A}.Release|x86.Deploy.0 = Release|x86
		{0F317493-3B2B-473A-9297-56A19445CB2E}.Debug|Any CPU.ActiveCfg = Debug|Any CPU
		{0F317493-3B2B-473A-9297-56A19445CB2E}.Debug|Any CPU.Build.0 = Debug|Any CPU
		{0F317493-3B2B-473A-9297-56A19445CB2E}.Debug|ARM.ActiveCfg = Debug|ARM
		{0F317493-3B2B-473A-9297-56A19445CB2E}.Debug|ARM.Build.0 = Debug|ARM
		{0F317493-3B2B-473A-9297-56A19445CB2E}.Debug|x64.ActiveCfg = Debug|x64
		{0F317493-3B2B-473A-9297-56A19445CB2E}.Debug|x64.Build.0 = Debug|x64
		{0F317493-3B2B-473A-9297-56A19445CB2E}.Debug|x86.ActiveCfg = Debug|x86
		{0F317493-3B2B-473A-9297-56A19445CB2E}.Debug|x86.Build.0 = Debug|x86
		{0F317493-3B2B-473A-9297-56A19445CB2E}.Release|Any CPU.ActiveCfg = Release|Any CPU
		{0F317493-3B2B-473A-9297-56A19445CB2E}.Release|Any CPU.Build.0 = Release|Any CPU
		{0F317493-3B2B-473A-9297-56A19445CB2E}.Release|ARM.ActiveCfg = Release|ARM
		{0F317493-3B2B-473A-9297-56A19445CB2E}.Release|ARM.Build.0 = Release|ARM
		{0F317493-3B2B-473A-9297-56A19445CB2E}.Release|x64.ActiveCfg = Release|x64
		{0F317493-3B2B-473A-9297-56A19445CB2E}.Release|x64.Build.0 = Release|x64
		{0F317493-3B2B-473A-9297-56A19445CB2E}.Release|x86.ActiveCfg = Release|x86
		{0F317493-3B2B-473A-9297-56A19445CB2E}.Release|x86.Build.0 = Release|x86
	EndGlobalSection
	GlobalSection(SolutionProperties) = preSolution
		HideSolutionNode = FALSE
	EndGlobalSection
EndGlobal
