
Microsoft Visual Studio Solution File, Format Version 12.00
# Visual Studio 2013
VisualStudioVersion = 12.0.20623.1 VSUPREVIEW
MinimumVisualStudioVersion = 10.0.40219.1
Project("{FAE04EC0-301F-11D3-BF4B-00C04F79EFBC}") = "AccelerometerAndSimpleOrientation", "AccelerometerAndSimpleOrientation\AccelerometerAndSimpleOrientation.csproj", "{13E80B5F-12F5-40B4-A1D5-A47DC034EAAD}"
EndProject
Global
	GlobalSection(SolutionConfigurationPlatforms) = preSolution
		Debug|Any CPU = Debug|Any CPU
		Debug|ARM = Debug|ARM
		Debug|x64 = Debug|x64
		Debug|x86 = Debug|x86
		Release|Any CPU = Release|Any CPU
		Release|ARM = Release|ARM
		Release|x64 = Release|x64
		Release|x86 = Release|x86
	EndGlobalSection
	GlobalSection(ProjectConfigurationPlatforms) = postSolution
		{13E80B5F-12F5-40B4-A1D5-A47DC034EAAD}.Debug|Any CPU.ActiveCfg = Debug|Any CPU
		{13E80B5F-12F5-40B4-A1D5-A47DC034EAAD}.Debug|Any CPU.Build.0 = Debug|Any CPU
		{13E80B5F-12F5-40B4-A1D5-A47DC034EAAD}.Debug|Any CPU.Deploy.0 = Debug|Any CPU
		{13E80B5F-12F5-40B4-A1D5-A47DC034EAAD}.Debug|ARM.ActiveCfg = Debug|ARM
		{13E80B5F-12F5-40B4-A1D5-A47DC034EAAD}.Debug|ARM.Build.0 = Debug|ARM
		{13E80B5F-12F5-40B4-A1D5-A47DC034EAAD}.Debug|ARM.Deploy.0 = Debug|ARM
		{13E80B5F-12F5-40B4-A1D5-A47DC034EAAD}.Debug|x64.ActiveCfg = Debug|x64
		{13E80B5F-12F5-40B4-A1D5-A47DC034EAAD}.Debug|x64.Build.0 = Debug|x64
		{13E80B5F-12F5-40B4-A1D5-A47DC034EAAD}.Debug|x64.Deploy.0 = Debug|x64
		{13E80B5F-12F5-40B4-A1D5-A47DC034EAAD}.Debug|x86.ActiveCfg = Debug|x86
		{13E80B5F-12F5-40B4-A1D5-A47DC034EAAD}.Debug|x86.Build.0 = Debug|x86
		{13E80B5F-12F5-40B4-A1D5-A47DC034EAAD}.Debug|x86.Deploy.0 = Debug|x86
		{13E80B5F-12F5-40B4-A1D5-A47DC034EAAD}.Release|Any CPU.ActiveCfg = Release|Any CPU
		{13E80B5F-12F5-40B4-A1D5-A47DC034EAAD}.Release|Any CPU.Build.0 = Release|Any CPU
		{13E80B5F-12F5-40B4-A1D5-A47DC034EAAD}.Release|Any CPU.Deploy.0 = Release|Any CPU
		{13E80B5F-12F5-40B4-A1D5-A47DC034EAAD}.Release|ARM.ActiveCfg = Release|ARM
		{13E80B5F-12F5-40B4-A1D5-A47DC034EAAD}.Release|ARM.Build.0 = Release|ARM
		{13E80B5F-12F5-40B4-A1D5-A47DC034EAAD}.Release|ARM.Deploy.0 = Release|ARM
		{13E80B5F-12F5-40B4-A1D5-A47DC034EAAD}.Release|x64.ActiveCfg = Release|x64
		{13E80B5F-12F5-40B4-A1D5-A47DC034EAAD}.Release|x64.Build.0 = Release|x64
		{13E80B5F-12F5-40B4-A1D5-A47DC034EAAD}.Release|x64.Deploy.0 = Release|x64
		{13E80B5F-12F5-40B4-A1D5-A47DC034EAAD}.Release|x86.ActiveCfg = Release|x86
		{13E80B5F-12F5-40B4-A1D5-A47DC034EAAD}.Release|x86.Build.0 = Release|x86
		{13E80B5F-12F5-40B4-A1D5-A47DC034EAAD}.Release|x86.Deploy.0 = Release|x86
	EndGlobalSection
	GlobalSection(SolutionProperties) = preSolution
		HideSolutionNode = FALSE
	EndGlobalSection
EndGlobal
