
Microsoft Visual Studio Solution File, Format Version 12.00
# Visual Studio Express 14 for Windows Desktop
VisualStudioVersion = 14.0.24720.0
MinimumVisualStudioVersion = 10.0.40219.1
Project("{FAE04EC0-301F-11D3-BF4B-00C04F79EFBC}") = "ExpandingText", "ExpandingText\ExpandingText.csproj", "{6FAC88C9-0B72-4BAF-9AFE-7AF3F4D68504}"
EndProject
Global
	GlobalSection(SolutionConfigurationPlatforms) = preSolution
		Debug|Any CPU = Debug|Any CPU
		Release|Any CPU = Release|Any CPU
	EndGlobalSection
	GlobalSection(ProjectConfigurationPlatforms) = postSolution
		{6FAC88C9-0B72-4BAF-9AFE-7AF3F4D68504}.Debug|Any CPU.ActiveCfg = Debug|Any CPU
		{6FAC88C9-0B72-4BAF-9AFE-7AF3F4D68504}.Debug|Any CPU.Build.0 = Debug|Any CPU
		{6FAC88C9-0B72-4BAF-9AFE-7AF3F4D68504}.Release|Any CPU.ActiveCfg = Release|Any CPU
		{6FAC88C9-0B72-4BAF-9AFE-7AF3F4D68504}.Release|Any CPU.Build.0 = Release|Any CPU
	EndGlobalSection
	GlobalSection(SolutionProperties) = preSolution
		HideSolutionNode = FALSE
	EndGlobalSection
EndGlobal
