
Microsoft Visual Studio Solution File, Format Version 12.00
# Visual Studio Express 14 for Windows Desktop
VisualStudioVersion = 14.0.24720.0
MinimumVisualStudioVersion = 10.0.40219.1
Project("{FAE04EC0-301F-11D3-BF4B-00C04F79EFBC}") = "SegoeSymbols", "SegoeSymbols\SegoeSymbols.csproj", "{50D984EB-2594-41F6-A08F-26A970D7BCFD}"
EndProject
Global
	GlobalSection(SolutionConfigurationPlatforms) = preSolution
		Debug|Any CPU = Debug|Any CPU
		Release|Any CPU = Release|Any CPU
	EndGlobalSection
	GlobalSection(ProjectConfigurationPlatforms) = postSolution
		{50D984EB-2594-41F6-A08F-26A970D7BCFD}.Debug|Any CPU.ActiveCfg = Debug|Any CPU
		{50D984EB-2594-41F6-A08F-26A970D7BCFD}.Debug|Any CPU.Build.0 = Debug|Any CPU
		{50D984EB-2594-41F6-A08F-26A970D7BCFD}.Release|Any CPU.ActiveCfg = Release|Any CPU
		{50D984EB-2594-41F6-A08F-26A970D7BCFD}.Release|Any CPU.Build.0 = Release|Any CPU
	EndGlobalSection
	GlobalSection(SolutionProperties) = preSolution
		HideSolutionNode = FALSE
	EndGlobalSection
EndGlobal
