
Microsoft Visual Studio Solution File, Format Version 12.00
# Visual Studio 14
VisualStudioVersion = 14.0.25123.0
MinimumVisualStudioVersion = 10.0.40219.1
Project("{FAE04EC0-301F-11D3-BF4B-00C04F79EFBC}") = "DepthText", "DepthText\DepthText.csproj", "{4D965F22-AAA4-48BD-82BA-84F6BC8F40CC}"
EndProject
Global
	GlobalSection(SolutionConfigurationPlatforms) = preSolution
		Debug|Any CPU = Debug|Any CPU
		Release|Any CPU = Release|Any CPU
	EndGlobalSection
	GlobalSection(ProjectConfigurationPlatforms) = postSolution
		{4D965F22-AAA4-48BD-82BA-84F6BC8F40CC}.Debug|Any CPU.ActiveCfg = Debug|Any CPU
		{4D965F22-AAA4-48BD-82BA-84F6BC8F40CC}.Debug|Any CPU.Build.0 = Debug|Any CPU
		{4D965F22-AAA4-48BD-82BA-84F6BC8F40CC}.Release|Any CPU.ActiveCfg = Release|Any CPU
		{4D965F22-AAA4-48BD-82BA-84F6BC8F40CC}.Release|Any CPU.Build.0 = Release|Any CPU
	EndGlobalSection
	GlobalSection(SolutionProperties) = preSolution
		HideSolutionNode = FALSE
	EndGlobalSection
EndGlobal
